<?xml version="1.0" encoding="utf-8"?>
<Project ToolsVersion="4.0" xmlns="http://schemas.microsoft.com/developer/msbuild/2003">
  <ItemGroup>
    <Filter Include="Source Files">
      <UniqueIdentifier>{4FC737F1-C7A5-4376-A066-2A32D752A2FF}</UniqueIdentifier>
      <Extensions>cpp;c;cc;cxx;c++;cppm;ixx;def;odl;idl;hpj;bat;asm;asmx</Extensions>
    </Filter>
    <Filter Include="Header Files">
      <UniqueIdentifier>{93995380-89BD-4b04-88EB-625FBE52EBFB}</UniqueIdentifier>
      <Extensions>h;hh;hpp;hxx;h++;hm;inl;inc;ipp;xsd</Extensions>
    </Filter>
    <Filter Include="Resource Files">
      <UniqueIdentifier>{67DA6AB6-F800-4c08-8B7A-83BB121AAD01}</UniqueIdentifier>
      <Extensions>rc;ico;cur;bmp;dlg;rc2;rct;bin;rgs;gif;jpg;jpeg;jpe;resx;tiff;tif;png;wav;mfcribbon-ms</Extensions>
    </Filter>
  </ItemGroup>
  <ItemGroup>
    <ClCompile Include="Source.cpp">
      <Filter>Source Files</Filter>
    </ClCompile>
    <ClCompile Include="Plant.cpp">
      <Filter>Source Files</Filter>
    </ClCompile>
    <ClCompile Include="Zombie.cpp">
      <Filter>Source Files</Filter>
    </ClCompile>
    <ClCompile Include="AttackerZombie.cpp">
      <Filter>Source Files</Filter>
    </ClCompile>
    <ClCompile Include="BoxCollider.cpp">
      <Filter>Source Files</Filter>
    </ClCompile>
    <ClCompile Include="DancingZombie.cpp">
      <Filter>Source Files</Filter>
    </ClCompile>
    <ClCompile Include="ZombieFactory.cpp">
      <Filter>Source Files</Filter>
    </ClCompile>
    <ClCompile Include="Attacker.cpp">
      <Filter>Source Files</Filter>
    </ClCompile>
    <ClCompile Include="Board.cpp">
      <Filter>Source Files</Filter>
    </ClCompile>
    <ClCompile Include="Button.cpp">
      <Filter>Source Files</Filter>
    </ClCompile>
    <ClCompile Include="Character.cpp">
      <Filter>Source Files</Filter>
    </ClCompile>
    <ClCompile Include="CherryBomb.cpp">
      <Filter>Source Files</Filter>
    </ClCompile>
    <ClCompile Include="Defenders.cpp">
      <Filter>Source Files</Filter>
    </ClCompile>
    <ClCompile Include="FiringPlant.cpp">
      <Filter>Source Files</Filter>
    </ClCompile>
    <ClCompile Include="FlyingZombie.cpp">
      <Filter>Source Files</Filter>
    </ClCompile>
    <ClCompile Include="Fog.cpp">
      <Filter>Source Files</Filter>
    </ClCompile>
    <ClCompile Include="FootballZombie.cpp">
      <Filter>Source Files</Filter>
    </ClCompile>
    <ClCompile Include="FrozenPea.cpp">
      <Filter>Source Files</Filter>
    </ClCompile>
    <ClCompile Include="Game.cpp">
      <Filter>Source Files</Filter>
    </ClCompile>
    <ClCompile Include="GameObject.cpp">
      <Filter>Source Files</Filter>
    </ClCompile>
    <ClCompile Include="GameOverMenu.cpp">
      <Filter>Source Files</Filter>
    </ClCompile>
    <ClCompile Include="HighScores.cpp">
      <Filter>Source Files</Filter>
    </ClCompile>
    <ClCompile Include="InputName.cpp">
      <Filter>Source Files</Filter>
    </ClCompile>
    <ClCompile Include="Instructions.cpp">
      <Filter>Source Files</Filter>
    </ClCompile>
    <ClCompile Include="InventoryButton.cpp">
      <Filter>Source Files</Filter>
    </ClCompile>
    <ClCompile Include="LaneDefender.cpp">
      <Filter>Source Files</Filter>
    </ClCompile>
    <ClCompile Include="Level.cpp">
      <Filter>Source Files</Filter>
    </ClCompile>
    <ClCompile Include="LevelButton.cpp">
      <Filter>Source Files</Filter>
    </ClCompile>
    <ClCompile Include="LevelFive.cpp">
      <Filter>Source Files</Filter>
    </ClCompile>
    <ClCompile Include="LevelFour.cpp">
      <Filter>Source Files</Filter>
    </ClCompile>
    <ClCompile Include="LevelOne.cpp">
      <Filter>Source Files</Filter>
    </ClCompile>
    <ClCompile Include="LevelScreen.cpp">
      <Filter>Source Files</Filter>
    </ClCompile>
    <ClCompile Include="LevelThree.cpp">
      <Filter>Source Files</Filter>
    </ClCompile>
    <ClCompile Include="LevelTwo.cpp">
      <Filter>Source Files</Filter>
    </ClCompile>
    <ClCompile Include="Login.cpp">
      <Filter>Source Files</Filter>
    </ClCompile>
    <ClCompile Include="Menu.cpp">
      <Filter>Source Files</Filter>
    </ClCompile>
    <ClCompile Include="MovingObject.cpp">
      <Filter>Source Files</Filter>
    </ClCompile>
    <ClCompile Include="Options.cpp">
      <Filter>Source Files</Filter>
    </ClCompile>
    <ClCompile Include="Pause.cpp">
      <Filter>Source Files</Filter>
    </ClCompile>
    <ClCompile Include="Pea.cpp">
      <Filter>Source Files</Filter>
    </ClCompile>
    <ClCompile Include="Peashooter.cpp">
      <Filter>Source Files</Filter>
    </ClCompile>
    <ClCompile Include="PlantFactory.cpp">
      <Filter>Source Files</Filter>
    </ClCompile>
    <ClCompile Include="Player.cpp">
      <Filter>Source Files</Filter>
    </ClCompile>
    <ClCompile Include="Position.cpp">
      <Filter>Source Files</Filter>
    </ClCompile>
    <ClCompile Include="Projectile.cpp">
      <Filter>Source Files</Filter>
    </ClCompile>
    <ClCompile Include="Repeater.cpp">
      <Filter>Source Files</Filter>
    </ClCompile>
    <ClCompile Include="Sidebar.cpp">
      <Filter>Source Files</Filter>
    </ClCompile>
    <ClCompile Include="SimpleZombie.cpp">
      <Filter>Source Files</Filter>
    </ClCompile>
    <ClCompile Include="SnowPea.cpp">
      <Filter>Source Files</Filter>
    </ClCompile>
    <ClCompile Include="Sunflower.cpp">
      <Filter>Source Files</Filter>
    </ClCompile>
    <ClCompile Include="Sunlight.cpp">
      <Filter>Source Files</Filter>
    </ClCompile>
    <ClCompile Include="SunlightFactory.cpp">
      <Filter>Source Files</Filter>
    </ClCompile>
    <ClCompile Include="Timer.cpp">
      <Filter>Source Files</Filter>
    </ClCompile>
    <ClCompile Include="Walnut.cpp">
      <Filter>Source Files</Filter>
    </ClCompile>
  </ItemGroup>
  <ItemGroup>
    <ClInclude Include="Position.h">
      <Filter>Header Files</Filter>
    </ClInclude>
    <ClInclude Include="GameObject.h">
      <Filter>Header Files</Filter>
    </ClInclude>
    <ClInclude Include="Character.h">
      <Filter>Header Files</Filter>
    </ClInclude>
    <ClInclude Include="Plant.h">
      <Filter>Header Files</Filter>
    </ClInclude>
    <ClInclude Include="Sunflower.h">
      <Filter>Header Files</Filter>
    </ClInclude>
    <ClInclude Include="Walnut.h">
      <Filter>Header Files</Filter>
    </ClInclude>
    <ClInclude Include="CherryBomb.h">
      <Filter>Header Files</Filter>
    </ClInclude>
    <ClInclude Include="FiringPlant.h">
      <Filter>Header Files</Filter>
    </ClInclude>
    <ClInclude Include="Peashooter.h">
      <Filter>Header Files</Filter>
    </ClInclude>
    <ClInclude Include="Repeater.h">
      <Filter>Header Files</Filter>
    </ClInclude>
    <ClInclude Include="SnowPea.h">
      <Filter>Header Files</Filter>
    </ClInclude>
    <ClInclude Include="Attacker.h">
      <Filter>Header Files</Filter>
    </ClInclude>
    <ClInclude Include="MovingObject.h">
      <Filter>Header Files</Filter>
    </ClInclude>
    <ClInclude Include="Projectile.h">
      <Filter>Header Files</Filter>
    </ClInclude>
    <ClInclude Include="Pea.h">
      <Filter>Header Files</Filter>
    </ClInclude>
    <ClInclude Include="Zombie.h">
      <Filter>Header Files</Filter>
    </ClInclude>
    <ClInclude Include="AttackerZombie.h">
      <Filter>Header Files</Filter>
    </ClInclude>
    <ClInclude Include="SimpleZombie.h">
      <Filter>Header Files</Filter>
    </ClInclude>
    <ClInclude Include="Sunlight.h">
      <Filter>Header Files</Filter>
    </ClInclude>
    <ClInclude Include="Timer.h">
      <Filter>Header Files</Filter>
    </ClInclude>
    <ClInclude Include="BoxCollider.h">
      <Filter>Header Files</Filter>
    </ClInclude>
    <ClInclude Include="FrozenPea.h">
      <Filter>Header Files</Filter>
    </ClInclude>
    <ClInclude Include="ZombieFactory.h">
      <Filter>Header Files</Filter>
    </ClInclude>
    <ClInclude Include="FlyingZombie.h">
      <Filter>Header Files</Filter>
    </ClInclude>
    <ClInclude Include="Level.h">
      <Filter>Header Files</Filter>
    </ClInclude>
    <ClInclude Include="PlantFactory.h">
      <Filter>Header Files</Filter>
    </ClInclude>
    <ClInclude Include="Button.h">
      <Filter>Header Files</Filter>
    </ClInclude>
    <ClInclude Include="InventoryButton.h">
      <Filter>Header Files</Filter>
    </ClInclude>
    <ClInclude Include="Sidebar.h">
      <Filter>Header Files</Filter>
    </ClInclude>
    <ClInclude Include="Board.h">
      <Filter>Header Files</Filter>
    </ClInclude>
    <ClInclude Include="SunlightFactory.h">
      <Filter>Header Files</Filter>
    </ClInclude>
    <ClInclude Include="LaneDefender.h">
      <Filter>Header Files</Filter>
    </ClInclude>
    <ClInclude Include="Defenders.h">
      <Filter>Header Files</Filter>
    </ClInclude>
    <ClInclude Include="GameOverMenu.h">
      <Filter>Header Files</Filter>
    </ClInclude>
    <ClInclude Include="LevelTwo.h">
      <Filter>Header Files</Filter>
    </ClInclude>
    <ClInclude Include="FootballZombie.h">
      <Filter>Header Files</Filter>
    </ClInclude>
    <ClInclude Include="DancingZombie.h">
      <Filter>Header Files</Filter>
    </ClInclude>
    <ClInclude Include="LevelThree.h">
      <Filter>Header Files</Filter>
    </ClInclude>
    <ClInclude Include="Instructions.h">
      <Filter>Header Files</Filter>
    </ClInclude>
    <ClInclude Include="LevelScreen.h">
      <Filter>Header Files</Filter>
    </ClInclude>
    <ClInclude Include="Menu.h">
      <Filter>Header Files</Filter>
    </ClInclude>
    <ClInclude Include="InputName.h">
      <Filter>Header Files</Filter>
    </ClInclude>
    <ClInclude Include="Options.h">
      <Filter>Header Files</Filter>
    </ClInclude>
    <ClInclude Include="Pause.h">
      <Filter>Header Files</Filter>
    </ClInclude>
    <ClInclude Include="LevelOne.h">
      <Filter>Header Files</Filter>
    </ClInclude>
    <ClInclude Include="LevelButton.h">
      <Filter>Header Files</Filter>
    </ClInclude>
    <ClInclude Include="Game.h">
      <Filter>Header Files</Filter>
    </ClInclude>
    <ClInclude Include="LevelFour.h">
      <Filter>Header Files</Filter>
    </ClInclude>
    <ClInclude Include="Player.h">
      <Filter>Header Files</Filter>
    </ClInclude>
    <ClInclude Include="Fog.h">
      <Filter>Header Files</Filter>
    </ClInclude>
    <ClInclude Include="LevelFive.h">
      <Filter>Header Files</Filter>
    </ClInclude>
    <ClInclude Include="HighScores.h">
      <Filter>Header Files</Filter>
    </ClInclude>
    <ClInclude Include="Login.h">
      <Filter>Header Files</Filter>
    </ClInclude>
    <ClInclude Include="Animation.h">
      <Filter>Header Files</Filter>
    </ClInclude>
  </ItemGroup>
</Project>